
Microsoft Visual Studio Solution File, Format Version 12.00
# Visual Studio Version 16
VisualStudioVersion = 16.0.31613.86
MinimumVisualStudioVersion = 10.0.40219.1
Project("{8BC9CEB8-8B4A-11D0-8D11-00A0C91BC942}") = "SeMu", "SeMu.vcxproj", "{75D51250-D0E5-4E33-9A88-F9B16443E203}"
EndProject
Global
	GlobalSection(SolutionConfigurationPlatforms) = preSolution
		Debug|x64 = Debug|x64
		Debug|x86 = Debug|x86
		Release|x64 = Release|x64
		Release|x86 = Release|x86
	EndGlobalSection
	GlobalSection(ProjectConfigurationPlatforms) = postSolution
		{75D51250-D0E5-4E33-9A88-F9B16443E203}.Debug|x64.ActiveCfg = Debug|x64
		{75D51250-D0E5-4E33-9A88-F9B16443E203}.Debug|x64.Build.0 = Debug|x64
		{75D51250-D0E5-4E33-9A88-F9B16443E203}.Debug|x86.ActiveCfg = Debug|Win32
		{75D51250-D0E5-4E33-9A88-F9B16443E203}.Debug|x86.Build.0 = Debug|Win32
		{75D51250-D0E5-4E33-9A88-F9B16443E203}.Release|x64.ActiveCfg = Release|x64
		{75D51250-D0E5-4E33-9A88-F9B16443E203}.Release|x64.Build.0 = Release|x64
		{75D51250-D0E5-4E33-9A88-F9B16443E203}.Release|x86.ActiveCfg = Release|Win32
		{75D51250-D0E5-4E33-9A88-F9B16443E203}.Release|x86.Build.0 = Release|Win32
	EndGlobalSection
	GlobalSection(SolutionProperties) = preSolution
		HideSolutionNode = FALSE
	EndGlobalSection
	GlobalSection(ExtensibilityGlobals) = postSolution
		SolutionGuid = {76E36A1D-6F53-4FB2-B764-F8B69185AED2}
	EndGlobalSection
EndGlobal
